<?xml version="1.0" encoding="UTF-8" standalone="yes" ?>
<CodeBlocks_project_file>
	<FileVersion major="1" minor="6" />
	<Project>
		<Option title="tribe" />
		<Option pch_mode="2" />
		<Option compiler="gcc" />
		<Build>
			<Target title="Debug">
				<Option output="bin/Debug/tribe" prefix_auto="1" extension_auto="1" />
				<Option object_output="obj/Debug/" />
				<Option type="1" />
				<Option compiler="gcc" />
				<Compiler>
					<Add option="-g" />
					<Add directory="./" />
					<Add directory="include" />
				</Compiler>
				<Linker>
					<Add library="sfml-graphics" />
					<Add library="sfml-window" />
					<Add library="sfml-system" />
					<Add library="GL" />
				</Linker>
			</Target>
			<Target title="Release">
				<Option output="bin/Release/tribe" prefix_auto="1" extension_auto="1" />
				<Option object_output="obj/Release/" />
				<Option type="0" />
				<Option compiler="gcc" />
				<Compiler>
					<Add option="-O2" />
					<Add directory="./" />
					<Add directory="include" />
				</Compiler>
				<Linker>
					<Add option="-s" />
					<Add library="sfml-graphics" />
					<Add library="sfml-window" />
					<Add library="sfml-system" />
					<Add library="GL" />
				</Linker>
			</Target>
		</Build>
		<Compiler>
			<Add option="-Wall" />
		</Compiler>
		<Unit filename="cb.bmp" />
		<Unit filename="imgui/imconfig-SFML.h" />
		<Unit filename="imgui/imconfig.h" />
		<Unit filename="imgui/imgui-SFML.cpp" />
		<Unit filename="imgui/imgui-SFML.h" />
		<Unit filename="imgui/imgui-SFML_export.h" />
		<Unit filename="imgui/imgui.cpp" />
		<Unit filename="imgui/imgui.h" />
		<Unit filename="imgui/imgui.ini" />
		<Unit filename="imgui/imgui_demo.cpp" />
		<Unit filename="imgui/imgui_draw.cpp" />
		<Unit filename="imgui/imgui_internal.h" />
		<Unit filename="imgui/imgui_widgets.cpp" />
		<Unit filename="imgui/imstb_rectpack.h" />
		<Unit filename="imgui/imstb_textedit.h" />
		<Unit filename="imgui/imstb_truetype.h" />
		<Unit filename="include/animation.h" />
		<Unit filename="include/chunk.h" />
		<Unit filename="include/content.h" />
		<Unit filename="include/dsq.h" />
		<Unit filename="include/game.h" />
		<Unit filename="include/init.h" />
		<Unit filename="include/main.h" />
		<Unit filename="include/object.h" />
		<Unit filename="include/object_content.h" />
		<Unit filename="include/test_noise.h" />
		<Unit filename="include/tile.h" />
		<Unit filename="include/unit.h" />
		<Unit filename="include/unit_content.h" />
		<Unit filename="include/view.h" />
		<Unit filename="include/world.h" />
		<Unit filename="src/chunk.cpp" />
		<Unit filename="src/content.cpp" />
		<Unit filename="src/dsq.cpp" />
		<Unit filename="src/game.cpp" />
		<Unit filename="src/main.cpp" />
		<Unit filename="src/object.cpp" />
		<Unit filename="src/unit.cpp" />
		<Unit filename="src/world.cpp" />
		<Unit filename="states/gamestate.cpp" />
		<Unit filename="states/gamestate.h" />
		<Unit filename="states/mainmenustate.cpp" />
		<Unit filename="states/mainmenustate.h" />
		<Unit filename="states/state.cpp" />
		<Unit filename="states/state.h" />
		<Extensions>
			<code_completion />
			<debugger />
		</Extensions>
	</Project>
</CodeBlocks_project_file>
